{
  "nodes": {
    "home-manager": {
      "inputs": {
        "nixpkgs": [
          "nixpkgs"
        ]
      },
      "locked": {
        "lastModified": 1707683400,
        "narHash": "sha256-Zc+J3UO1Xpx+NL8UB6woPHyttEy9cXXtm+0uWwzuYDc=",
        "owner": "nix-community",
        "repo": "home-manager",
        "rev": "21b078306a2ab68748abf72650db313d646cf2ca",
        "type": "github"
      },
      "original": {
        "owner": "nix-community",
        "ref": "master",
        "repo": "home-manager",
        "type": "github"
      }
    },
    "nix-darwin": {
      "inputs": {
        "nixpkgs": [
          "nixpkgs"
        ]
      },
      "locked": {
        "lastModified": 1695686713,
        "narHash": "sha256-rJATx5B/nwlBpt7CJUf85LV27qWPbul5UVV8fu6ABPg=",
        "owner": "LnL7",
        "repo": "nix-darwin",
        "rev": "e236a1e598a9a59265897948ac9874c364b9555f",
        "type": "github"
      },
      "original": {
        "owner": "LnL7",
        "ref": "master",
        "repo": "nix-darwin",
        "type": "github"
      }
    },
    "nixpkgs": {
      "locked": {
        "lastModified": 1707778260,
        "narHash": "sha256-1i6rNB3mX/AudWhs3tfYuFjukjoQXeWQ4HGGpTFla6U=",
        "owner": "NixOS",
        "repo": "nixpkgs",
        "rev": "897df4cc4d21cefc2b3b298fa75b5a1ab500ebd5",
        "type": "github"
      },
      "original": {
        "owner": "NixOS",
        "ref": "master",
        "repo": "nixpkgs",
        "type": "github"
      }
    },
    "root": {
      "inputs": {
        "home-manager": "home-manager",
        "nix-darwin": "nix-darwin",
        "nixpkgs": "nixpkgs",
        "secrets": "secrets"
      }
    },
    "secrets": {
      "flake": false,
      "locked": {
        "lastModified": 1700701951,
        "narHash": "sha256-O9RMce+eSrW0fJlyRu73OBswThrN2QGxIxdxu5zqICA=",
        "ref": "refs/heads/main",
        "rev": "58796dc379b1f27a608a24d2fa4a386be9380718",
        "revCount": 20,
        "type": "git",
        "url": "ssh://git@github.com/leonbreedt/secrets.git"
      },
      "original": {
        "type": "git",
        "url": "ssh://git@github.com/leonbreedt/secrets.git"
      }
    }
  },
  "root": "root",
  "version": 7
}
