{
  "nodes": {
    "darwin": {
      "inputs": {
        "nixpkgs": [
          "nixpkgs"
        ]
      },
      "locked": {
        "lastModified": 1685559570,
        "narHash": "sha256-MNIQvLRoq92isMLR/ordKNCl+aXNiuwBM4QyqmS8d00=",
        "owner": "LnL7",
        "repo": "nix-darwin",
        "rev": "4338bc869e9874d54a4c89539af72f16666b2abe",
        "type": "github"
      },
      "original": {
        "owner": "LnL7",
        "ref": "master",
        "repo": "nix-darwin",
        "type": "github"
      }
    },
    "home-manager": {
      "inputs": {
        "nixpkgs": [
          "nixpkgs"
        ]
      },
      "locked": {
        "lastModified": 1685865037,
        "narHash": "sha256-atwfu0IUL2f6oWFt3KG1uqPTj7DxUoYW7+KVOv+o5DY=",
        "owner": "nix-community",
        "repo": "home-manager",
        "rev": "57ed23cd29e7b72518e19d2917e2b2880a94162c",
        "type": "github"
      },
      "original": {
        "owner": "nix-community",
        "repo": "home-manager",
        "type": "github"
      }
    },
    "nixpkgs": {
      "locked": {
        "lastModified": 1685884168,
        "narHash": "sha256-/4J7FmtWbnGYfqAFzpxLRTTAv7O4X8yZykaYPGRaOtI=",
        "owner": "NixOS",
        "repo": "nixpkgs",
        "rev": "b6ed3b8f402893df91a8e21ce993520301c2f076",
        "type": "github"
      },
      "original": {
        "owner": "NixOS",
        "ref": "master",
        "repo": "nixpkgs",
        "type": "github"
      }
    },
    "root": {
      "inputs": {
        "darwin": "darwin",
        "home-manager": "home-manager",
        "nixpkgs": "nixpkgs",
        "secrets": "secrets",
        "stable-darwin": "stable-darwin"
      }
    },
    "secrets": {
      "flake": false,
      "locked": {
        "lastModified": 1686189027,
        "narHash": "sha256-iiB5lz79ybLCrKFVvYXIXs1VC368F8/aoIlQOSk2z5o=",
        "ref": "refs/heads/main",
        "rev": "0622be846e807974123af4d5d2067e12ea235dcd",
        "revCount": 17,
        "type": "git",
        "url": "ssh://git@github.com/leonbreedt/private.git"
      },
      "original": {
        "type": "git",
        "url": "ssh://git@github.com/leonbreedt/private.git"
      }
    },
    "stable-darwin": {
      "locked": {
        "lastModified": 1671139475,
        "narHash": "sha256-9hQgR6gLuMEvpG/RpoW7+BaeycgR+ib9O9LTENgcbj0=",
        "owner": "NixOS",
        "repo": "nixpkgs",
        "rev": "f30da2c2622736aecdccac893666ea23cad90f2d",
        "type": "github"
      },
      "original": {
        "owner": "NixOS",
        "repo": "nixpkgs",
        "rev": "f30da2c2622736aecdccac893666ea23cad90f2d",
        "type": "github"
      }
    }
  },
  "root": "root",
  "version": 7
}
