{
  "nodes": {
    "darwin": {
      "inputs": {
        "nixpkgs": [
          "nixpkgs"
        ]
      },
      "locked": {
        "lastModified": 1689281837,
        "narHash": "sha256-msgwgot2/hxXzlpYltIZ7boAqBkN8XejNOhBJ07q3FY=",
        "owner": "LnL7",
        "repo": "nix-darwin",
        "rev": "c806a73609e77f0c446fdad5d3ea6ca3b7ae6e5f",
        "type": "github"
      },
      "original": {
        "owner": "LnL7",
        "ref": "master",
        "repo": "nix-darwin",
        "type": "github"
      }
    },
    "home-manager": {
      "inputs": {
        "nixpkgs": [
          "nixpkgs"
        ]
      },
      "locked": {
        "lastModified": 1689134369,
        "narHash": "sha256-0G9dutIvhS/WUr3Awcnqw71g8EVVvvkOhVDnDDbY4Fw=",
        "owner": "nix-community",
        "repo": "home-manager",
        "rev": "e42fb59768f0305085abde0dd27ab5e0cc15420c",
        "type": "github"
      },
      "original": {
        "owner": "nix-community",
        "repo": "home-manager",
        "type": "github"
      }
    },
    "nixpkgs": {
      "locked": {
        "lastModified": 1689304263,
        "narHash": "sha256-6e/bwRKQodibF58XrwKUzXmxK92LUdwyX0CABrzjKRc=",
        "owner": "NixOS",
        "repo": "nixpkgs",
        "rev": "2f034246ba52845f0844d0b9adf3dc01c2d60031",
        "type": "github"
      },
      "original": {
        "owner": "NixOS",
        "ref": "master",
        "repo": "nixpkgs",
        "type": "github"
      }
    },
    "root": {
      "inputs": {
        "darwin": "darwin",
        "home-manager": "home-manager",
        "nixpkgs": "nixpkgs",
        "secrets": "secrets",
        "stable-nixos": "stable-nixos"
      }
    },
    "secrets": {
      "flake": false,
      "locked": {
        "lastModified": 1690165758,
        "narHash": "sha256-ZdIY8zf9w/9h6GH8BEfGMBXB3kFFNeoz9ZpRMZeQlis=",
        "ref": "refs/heads/main",
        "rev": "b8533beb1b733fe4e3afe4caf457704b60f93bf2",
        "revCount": 18,
        "type": "git",
        "url": "ssh://git@github.com/leonbreedt/private.git"
      },
      "original": {
        "type": "git",
        "url": "ssh://git@github.com/leonbreedt/private.git"
      }
    },
    "stable-nixos": {
      "locked": {
        "lastModified": 1689209875,
        "narHash": "sha256-8AVcBV1DiszaZzHFd5iLc8HSLfxRAuqcU0QdfBEF3Ag=",
        "owner": "NixOS",
        "repo": "nixpkgs",
        "rev": "fcc147b1e9358a8386b2c4368bd928e1f63a7df2",
        "type": "github"
      },
      "original": {
        "owner": "NixOS",
        "ref": "nixos-23.05",
        "repo": "nixpkgs",
        "type": "github"
      }
    }
  },
  "root": "root",
  "version": 7
}
